// !$*UTF8*$!
{
	archiveVersion = 1;
	classes = {
	};
	objectVersion = 48;
	objects = {

/* Begin PBXBuildFile section */
		06ACF868203F611E00FACA7C /* AppDelegate.swift in Sources */ = {isa = PBXBuildFile; fileRef = 06ACF867203F611E00FACA7C /* AppDelegate.swift */; };
		06ACF86A203F611E00FACA7C /* SuperViewController.swift in Sources */ = {isa = PBXBuildFile; fileRef = 06ACF869203F611E00FACA7C /* SuperViewController.swift */; };
		06ACF86D203F611E00FACA7C /* Main.storyboard in Resources */ = {isa = PBXBuildFile; fileRef = 06ACF86B203F611E00FACA7C /* Main.storyboard */; };
		06ACF870203F611E00FACA7C /* biubiubiu.xcdatamodeld in Sources */ = {isa = PBXBuildFile; fileRef = 06ACF86E203F611E00FACA7C /* biubiubiu.xcdatamodeld */; };
		06ACF872203F611E00FACA7C /* Assets.xcassets in Resources */ = {isa = PBXBuildFile; fileRef = 06ACF871203F611E00FACA7C /* Assets.xcassets */; };
		06ACF875203F611E00FACA7C /* LaunchScreen.storyboard in Resources */ = {isa = PBXBuildFile; fileRef = 06ACF873203F611E00FACA7C /* LaunchScreen.storyboard */; };
		06ACF880203F611E00FACA7C /* biubiubiuTests.swift in Sources */ = {isa = PBXBuildFile; fileRef = 06ACF87F203F611E00FACA7C /* biubiubiuTests.swift */; };
		06ACF88B203F611E00FACA7C /* biubiubiuUITests.swift in Sources */ = {isa = PBXBuildFile; fileRef = 06ACF88A203F611E00FACA7C /* biubiubiuUITests.swift */; };
		06ACF899203F630B00FACA7C /* GoogleService-Info.plist in Resources */ = {isa = PBXBuildFile; fileRef = 06ACF898203F630B00FACA7C /* GoogleService-Info.plist */; };
		06ACF8A7203F68F300FACA7C /* OnboardingViewController.swift in Sources */ = {isa = PBXBuildFile; fileRef = 06ACF8A5203F68F200FACA7C /* OnboardingViewController.swift */; };
		06ACF8A8203F68F300FACA7C /* OnboardingViewController.xib in Resources */ = {isa = PBXBuildFile; fileRef = 06ACF8A6203F68F300FACA7C /* OnboardingViewController.xib */; };
		06ACF8AB203F694700FACA7C /* LoadingViewController.swift in Sources */ = {isa = PBXBuildFile; fileRef = 06ACF8A9203F694700FACA7C /* LoadingViewController.swift */; };
		06ACF8AC203F694700FACA7C /* LoadingViewController.xib in Resources */ = {isa = PBXBuildFile; fileRef = 06ACF8AA203F694700FACA7C /* LoadingViewController.xib */; };
		06ACF8AF203F69AF00FACA7C /* LandingViewController.swift in Sources */ = {isa = PBXBuildFile; fileRef = 06ACF8AD203F69AF00FACA7C /* LandingViewController.swift */; };
		06ACF8B0203F69AF00FACA7C /* LandingViewController.xib in Resources */ = {isa = PBXBuildFile; fileRef = 06ACF8AE203F69AF00FACA7C /* LandingViewController.xib */; };
		47C0750AF81CC1FECC119C90 /* Pods_biubiubiu.framework in Frameworks */ = {isa = PBXBuildFile; fileRef = 841FA6FE85EDD39153E09B14 /* Pods_biubiubiu.framework */; };
		588EC76907E5B74472AD2C93 /* Pods_biubiubiuTests.framework in Frameworks */ = {isa = PBXBuildFile; fileRef = 8C3421C6CA03DFF27D0C6795 /* Pods_biubiubiuTests.framework */; };
		AF3EF5C291114F1B50211FCF /* Pods_biubiubiuUITests.framework in Frameworks */ = {isa = PBXBuildFile; fileRef = F851FAC0658FA7D525F44698 /* Pods_biubiubiuUITests.framework */; };
/* End PBXBuildFile section */

/* Begin PBXContainerItemProxy section */
		06ACF87C203F611E00FACA7C /* PBXContainerItemProxy */ = {
			isa = PBXContainerItemProxy;
			containerPortal = 06ACF85C203F611E00FACA7C /* Project object */;
			proxyType = 1;
			remoteGlobalIDString = 06ACF863203F611E00FACA7C;
			remoteInfo = biubiubiu;
		};
		06ACF887203F611E00FACA7C /* PBXContainerItemProxy */ = {
			isa = PBXContainerItemProxy;
			containerPortal = 06ACF85C203F611E00FACA7C /* Project object */;
			proxyType = 1;
			remoteGlobalIDString = 06ACF863203F611E00FACA7C;
			remoteInfo = biubiubiu;
		};
/* End PBXContainerItemProxy section */

/* Begin PBXFileReference section */
		06ACF864203F611E00FACA7C /* biubiubiu.app */ = {isa = PBXFileReference; explicitFileType = wrapper.application; includeInIndex = 0; path = biubiubiu.app; sourceTree = BUILT_PRODUCTS_DIR; };
		06ACF867203F611E00FACA7C /* AppDelegate.swift */ = {isa = PBXFileReference; lastKnownFileType = sourcecode.swift; path = AppDelegate.swift; sourceTree = "<group>"; };
		06ACF869203F611E00FACA7C /* SuperViewController.swift */ = {isa = PBXFileReference; lastKnownFileType = sourcecode.swift; path = SuperViewController.swift; sourceTree = "<group>"; };
		06ACF86C203F611E00FACA7C /* Base */ = {isa = PBXFileReference; lastKnownFileType = file.storyboard; name = Base; path = Base.lproj/Main.storyboard; sourceTree = "<group>"; };
		06ACF86F203F611E00FACA7C /* biubiubiu.xcdatamodel */ = {isa = PBXFileReference; lastKnownFileType = wrapper.xcdatamodel; path = biubiubiu.xcdatamodel; sourceTree = "<group>"; };
		06ACF871203F611E00FACA7C /* Assets.xcassets */ = {isa = PBXFileReference; lastKnownFileType = folder.assetcatalog; path = Assets.xcassets; sourceTree = "<group>"; };
		06ACF874203F611E00FACA7C /* Base */ = {isa = PBXFileReference; lastKnownFileType = file.storyboard; name = Base; path = Base.lproj/LaunchScreen.storyboard; sourceTree = "<group>"; };
		06ACF876203F611E00FACA7C /* Info.plist */ = {isa = PBXFileReference; lastKnownFileType = text.plist.xml; path = Info.plist; sourceTree = "<group>"; };
		06ACF87B203F611E00FACA7C /* biubiubiuTests.xctest */ = {isa = PBXFileReference; explicitFileType = wrapper.cfbundle; includeInIndex = 0; path = biubiubiuTests.xctest; sourceTree = BUILT_PRODUCTS_DIR; };
		06ACF87F203F611E00FACA7C /* biubiubiuTests.swift */ = {isa = PBXFileReference; lastKnownFileType = sourcecode.swift; path = biubiubiuTests.swift; sourceTree = "<group>"; };
		06ACF881203F611E00FACA7C /* Info.plist */ = {isa = PBXFileReference; lastKnownFileType = text.plist.xml; path = Info.plist; sourceTree = "<group>"; };
		06ACF886203F611E00FACA7C /* biubiubiuUITests.xctest */ = {isa = PBXFileReference; explicitFileType = wrapper.cfbundle; includeInIndex = 0; path = biubiubiuUITests.xctest; sourceTree = BUILT_PRODUCTS_DIR; };
		06ACF88A203F611E00FACA7C /* biubiubiuUITests.swift */ = {isa = PBXFileReference; lastKnownFileType = sourcecode.swift; path = biubiubiuUITests.swift; sourceTree = "<group>"; };
		06ACF88C203F611E00FACA7C /* Info.plist */ = {isa = PBXFileReference; lastKnownFileType = text.plist.xml; path = Info.plist; sourceTree = "<group>"; };
		06ACF898203F630B00FACA7C /* GoogleService-Info.plist */ = {isa = PBXFileReference; fileEncoding = 4; lastKnownFileType = text.plist.xml; path = "GoogleService-Info.plist"; sourceTree = "<group>"; };
		06ACF8A5203F68F200FACA7C /* OnboardingViewController.swift */ = {isa = PBXFileReference; fileEncoding = 4; lastKnownFileType = sourcecode.swift; name = OnboardingViewController.swift; path = Onboarding/OnboardingViewController.swift; sourceTree = "<group>"; };
		06ACF8A6203F68F300FACA7C /* OnboardingViewController.xib */ = {isa = PBXFileReference; fileEncoding = 4; lastKnownFileType = file.xib; name = OnboardingViewController.xib; path = Onboarding/OnboardingViewController.xib; sourceTree = "<group>"; };
		06ACF8A9203F694700FACA7C /* LoadingViewController.swift */ = {isa = PBXFileReference; lastKnownFileType = sourcecode.swift; name = LoadingViewController.swift; path = Loading/LoadingViewController.swift; sourceTree = "<group>"; };
		06ACF8AA203F694700FACA7C /* LoadingViewController.xib */ = {isa = PBXFileReference; lastKnownFileType = file.xib; name = LoadingViewController.xib; path = Loading/LoadingViewController.xib; sourceTree = "<group>"; };
		06ACF8AD203F69AF00FACA7C /* LandingViewController.swift */ = {isa = PBXFileReference; lastKnownFileType = sourcecode.swift; name = LandingViewController.swift; path = biubiubiu/Landing/LandingViewController.swift; sourceTree = SOURCE_ROOT; };
		06ACF8AE203F69AF00FACA7C /* LandingViewController.xib */ = {isa = PBXFileReference; lastKnownFileType = file.xib; name = LandingViewController.xib; path = biubiubiu/Landing/LandingViewController.xib; sourceTree = SOURCE_ROOT; };
		0A4B9BAB328FA0D27A65D758 /* Pods-biubiubiu.release.xcconfig */ = {isa = PBXFileReference; includeInIndex = 1; lastKnownFileType = text.xcconfig; name = "Pods-biubiubiu.release.xcconfig"; path = "Pods/Target Support Files/Pods-biubiubiu/Pods-biubiubiu.release.xcconfig"; sourceTree = "<group>"; };
		58F2C55483E1886A8E7E45E1 /* Pods-biubiubiuUITests.release.xcconfig */ = {isa = PBXFileReference; includeInIndex = 1; lastKnownFileType = text.xcconfig; name = "Pods-biubiubiuUITests.release.xcconfig"; path = "Pods/Target Support Files/Pods-biubiubiuUITests/Pods-biubiubiuUITests.release.xcconfig"; sourceTree = "<group>"; };
		78E7ABD82F3C76660B107D57 /* Pods-biubiubiuUITests.debug.xcconfig */ = {isa = PBXFileReference; includeInIndex = 1; lastKnownFileType = text.xcconfig; name = "Pods-biubiubiuUITests.debug.xcconfig"; path = "Pods/Target Support Files/Pods-biubiubiuUITests/Pods-biubiubiuUITests.debug.xcconfig"; sourceTree = "<group>"; };
		841FA6FE85EDD39153E09B14 /* Pods_biubiubiu.framework */ = {isa = PBXFileReference; explicitFileType = wrapper.framework; includeInIndex = 0; path = Pods_biubiubiu.framework; sourceTree = BUILT_PRODUCTS_DIR; };
		8C3421C6CA03DFF27D0C6795 /* Pods_biubiubiuTests.framework */ = {isa = PBXFileReference; explicitFileType = wrapper.framework; includeInIndex = 0; path = Pods_biubiubiuTests.framework; sourceTree = BUILT_PRODUCTS_DIR; };
		B3046F8D16B7957224A88A8E /* Pods-biubiubiuTests.release.xcconfig */ = {isa = PBXFileReference; includeInIndex = 1; lastKnownFileType = text.xcconfig; name = "Pods-biubiubiuTests.release.xcconfig"; path = "Pods/Target Support Files/Pods-biubiubiuTests/Pods-biubiubiuTests.release.xcconfig"; sourceTree = "<group>"; };
		BA4DC1AAE7580CAC4A68226B /* Pods-biubiubiuTests.debug.xcconfig */ = {isa = PBXFileReference; includeInIndex = 1; lastKnownFileType = text.xcconfig; name = "Pods-biubiubiuTests.debug.xcconfig"; path = "Pods/Target Support Files/Pods-biubiubiuTests/Pods-biubiubiuTests.debug.xcconfig"; sourceTree = "<group>"; };
		E8193CE21D5006596E888794 /* Pods-biubiubiu.debug.xcconfig */ = {isa = PBXFileReference; includeInIndex = 1; lastKnownFileType = text.xcconfig; name = "Pods-biubiubiu.debug.xcconfig"; path = "Pods/Target Support Files/Pods-biubiubiu/Pods-biubiubiu.debug.xcconfig"; sourceTree = "<group>"; };
		F851FAC0658FA7D525F44698 /* Pods_biubiubiuUITests.framework */ = {isa = PBXFileReference; explicitFileType = wrapper.framework; includeInIndex = 0; path = Pods_biubiubiuUITests.framework; sourceTree = BUILT_PRODUCTS_DIR; };
/* End PBXFileReference section */

/* Begin PBXFrameworksBuildPhase section */
		06ACF861203F611E00FACA7C /* Frameworks */ = {
			isa = PBXFrameworksBuildPhase;
			buildActionMask = 2147483647;
			files = (
				47C0750AF81CC1FECC119C90 /* Pods_biubiubiu.framework in Frameworks */,
			);
			runOnlyForDeploymentPostprocessing = 0;
		};
		06ACF878203F611E00FACA7C /* Frameworks */ = {
			isa = PBXFrameworksBuildPhase;
			buildActionMask = 2147483647;
			files = (
				588EC76907E5B74472AD2C93 /* Pods_biubiubiuTests.framework in Frameworks */,
			);
			runOnlyForDeploymentPostprocessing = 0;
		};
		06ACF883203F611E00FACA7C /* Frameworks */ = {
			isa = PBXFrameworksBuildPhase;
			buildActionMask = 2147483647;
			files = (
				AF3EF5C291114F1B50211FCF /* Pods_biubiubiuUITests.framework in Frameworks */,
			);
			runOnlyForDeploymentPostprocessing = 0;
		};
/* End PBXFrameworksBuildPhase section */

/* Begin PBXGroup section */
		06ACF85B203F611E00FACA7C = {
			isa = PBXGroup;
			children = (
				06ACF866203F611E00FACA7C /* biubiubiu */,
				06ACF87E203F611E00FACA7C /* biubiubiuTests */,
				06ACF889203F611E00FACA7C /* biubiubiuUITests */,
				06ACF865203F611E00FACA7C /* Products */,
				1E1013ED7390A10AC147EC5E /* Pods */,
				7309EA77BFD90F04FABAE257 /* Frameworks */,
			);
			sourceTree = "<group>";
		};
		06ACF865203F611E00FACA7C /* Products */ = {
			isa = PBXGroup;
			children = (
				06ACF864203F611E00FACA7C /* biubiubiu.app */,
				06ACF87B203F611E00FACA7C /* biubiubiuTests.xctest */,
				06ACF886203F611E00FACA7C /* biubiubiuUITests.xctest */,
			);
			name = Products;
			sourceTree = "<group>";
		};
		06ACF866203F611E00FACA7C /* biubiubiu */ = {
			isa = PBXGroup;
			children = (
				06ACF867203F611E00FACA7C /* AppDelegate.swift */,
				06ACF8A0203F686900FACA7C /* Onboarding */,
				06ACF89F203F685D00FACA7C /* Loading */,
				06ACF89C203F67BD00FACA7C /* Landing */,
				06ACF89E203F67EC00FACA7C /* Account */,
				06ACF89D203F67C700FACA7C /* Lobby */,
				06ACF89B203F664600FACA7C /* Base Models */,
				06ACF89A203F661400FACA7C /* Support Files */,
			);
			path = biubiubiu;
			sourceTree = "<group>";
		};
		06ACF87E203F611E00FACA7C /* biubiubiuTests */ = {
			isa = PBXGroup;
			children = (
				06ACF87F203F611E00FACA7C /* biubiubiuTests.swift */,
				06ACF881203F611E00FACA7C /* Info.plist */,
			);
			path = biubiubiuTests;
			sourceTree = "<group>";
		};
		06ACF889203F611E00FACA7C /* biubiubiuUITests */ = {
			isa = PBXGroup;
			children = (
				06ACF88A203F611E00FACA7C /* biubiubiuUITests.swift */,
				06ACF88C203F611E00FACA7C /* Info.plist */,
			);
			path = biubiubiuUITests;
			sourceTree = "<group>";
		};
		06ACF89A203F661400FACA7C /* Support Files */ = {
			isa = PBXGroup;
			children = (
				06ACF871203F611E00FACA7C /* Assets.xcassets */,
				06ACF873203F611E00FACA7C /* LaunchScreen.storyboard */,
				06ACF86B203F611E00FACA7C /* Main.storyboard */,
				06ACF876203F611E00FACA7C /* Info.plist */,
				06ACF898203F630B00FACA7C /* GoogleService-Info.plist */,
				06ACF86E203F611E00FACA7C /* biubiubiu.xcdatamodeld */,
			);
			name = "Support Files";
			sourceTree = "<group>";
		};
		06ACF89B203F664600FACA7C /* Base Models */ = {
			isa = PBXGroup;
			children = (
				06ACF869203F611E00FACA7C /* SuperViewController.swift */,
			);
			path = "Base Models";
			sourceTree = "<group>";
		};
		06ACF89C203F67BD00FACA7C /* Landing */ = {
			isa = PBXGroup;
			children = (
				06ACF8AD203F69AF00FACA7C /* LandingViewController.swift */,
				06ACF8AE203F69AF00FACA7C /* LandingViewController.xib */,
			);
			name = Landing;
			path = "Base Models";
			sourceTree = "<group>";
		};
		06ACF89D203F67C700FACA7C /* Lobby */ = {
			isa = PBXGroup;
			children = (
			);
			name = Lobby;
			path = "Base Models";
			sourceTree = "<group>";
		};
		06ACF89E203F67EC00FACA7C /* Account */ = {
			isa = PBXGroup;
			children = (
			);
			path = Account;
			sourceTree = "<group>";
		};
		06ACF89F203F685D00FACA7C /* Loading */ = {
			isa = PBXGroup;
			children = (
				06ACF8A9203F694700FACA7C /* LoadingViewController.swift */,
				06ACF8AA203F694700FACA7C /* LoadingViewController.xib */,
			);
			name = Loading;
			sourceTree = "<group>";
		};
		06ACF8A0203F686900FACA7C /* Onboarding */ = {
			isa = PBXGroup;
			children = (
				06ACF8A5203F68F200FACA7C /* OnboardingViewController.swift */,
				06ACF8A6203F68F300FACA7C /* OnboardingViewController.xib */,
			);
			name = Onboarding;
			sourceTree = "<group>";
		};
		1E1013ED7390A10AC147EC5E /* Pods */ = {
			isa = PBXGroup;
			children = (
				E8193CE21D5006596E888794 /* Pods-biubiubiu.debug.xcconfig */,
				0A4B9BAB328FA0D27A65D758 /* Pods-biubiubiu.release.xcconfig */,
				BA4DC1AAE7580CAC4A68226B /* Pods-biubiubiuTests.debug.xcconfig */,
				B3046F8D16B7957224A88A8E /* Pods-biubiubiuTests.release.xcconfig */,
				78E7ABD82F3C76660B107D57 /* Pods-biubiubiuUITests.debug.xcconfig */,
				58F2C55483E1886A8E7E45E1 /* Pods-biubiubiuUITests.release.xcconfig */,
			);
			name = Pods;
			sourceTree = "<group>";
		};
		7309EA77BFD90F04FABAE257 /* Frameworks */ = {
			isa = PBXGroup;
			children = (
				841FA6FE85EDD39153E09B14 /* Pods_biubiubiu.framework */,
				8C3421C6CA03DFF27D0C6795 /* Pods_biubiubiuTests.framework */,
				F851FAC0658FA7D525F44698 /* Pods_biubiubiuUITests.framework */,
			);
			name = Frameworks;
			sourceTree = "<group>";
		};
/* End PBXGroup section */

/* Begin PBXNativeTarget section */
		06ACF863203F611E00FACA7C /* biubiubiu */ = {
			isa = PBXNativeTarget;
			buildConfigurationList = 06ACF88F203F611E00FACA7C /* Build configuration list for PBXNativeTarget "biubiubiu" */;
			buildPhases = (
				847ADED71985602E4DA7AC7B /* [CP] Check Pods Manifest.lock */,
				06ACF860203F611E00FACA7C /* Sources */,
				06ACF861203F611E00FACA7C /* Frameworks */,
				06ACF862203F611E00FACA7C /* Resources */,
				A3FA9751728DB3A661007255 /* [CP] Embed Pods Frameworks */,
				7A79AE173A2D5969A466F062 /* [CP] Copy Pods Resources */,
			);
			buildRules = (
			);
			dependencies = (
			);
			name = biubiubiu;
			productName = biubiubiu;
			productReference = 06ACF864203F611E00FACA7C /* biubiubiu.app */;
			productType = "com.apple.product-type.application";
		};
		06ACF87A203F611E00FACA7C /* biubiubiuTests */ = {
			isa = PBXNativeTarget;
			buildConfigurationList = 06ACF892203F611E00FACA7C /* Build configuration list for PBXNativeTarget "biubiubiuTests" */;
			buildPhases = (
				3031F4335290E7F291C30019 /* [CP] Check Pods Manifest.lock */,
				06ACF877203F611E00FACA7C /* Sources */,
				06ACF878203F611E00FACA7C /* Frameworks */,
				06ACF879203F611E00FACA7C /* Resources */,
				E86535141661068CFA529415 /* [CP] Embed Pods Frameworks */,
				FA1E9D30FD64A517C79EB63C /* [CP] Copy Pods Resources */,
			);
			buildRules = (
			);
			dependencies = (
				06ACF87D203F611E00FACA7C /* PBXTargetDependency */,
			);
			name = biubiubiuTests;
			productName = biubiubiuTests;
			productReference = 06ACF87B203F611E00FACA7C /* biubiubiuTests.xctest */;
			productType = "com.apple.product-type.bundle.unit-test";
		};
		06ACF885203F611E00FACA7C /* biubiubiuUITests */ = {
			isa = PBXNativeTarget;
			buildConfigurationList = 06ACF895203F611E00FACA7C /* Build configuration list for PBXNativeTarget "biubiubiuUITests" */;
			buildPhases = (
				FB190DFE99B450364B135198 /* [CP] Check Pods Manifest.lock */,
				06ACF882203F611E00FACA7C /* Sources */,
				06ACF883203F611E00FACA7C /* Frameworks */,
				06ACF884203F611E00FACA7C /* Resources */,
				FB8637B7B7751D6DEFEC42B8 /* [CP] Embed Pods Frameworks */,
				65F908467CF911EBB9E3A672 /* [CP] Copy Pods Resources */,
			);
			buildRules = (
			);
			dependencies = (
				06ACF888203F611E00FACA7C /* PBXTargetDependency */,
			);
			name = biubiubiuUITests;
			productName = biubiubiuUITests;
			productReference = 06ACF886203F611E00FACA7C /* biubiubiuUITests.xctest */;
			productType = "com.apple.product-type.bundle.ui-testing";
		};
/* End PBXNativeTarget section */

/* Begin PBXProject section */
		06ACF85C203F611E00FACA7C /* Project object */ = {
			isa = PBXProject;
			attributes = {
				LastSwiftUpdateCheck = 0920;
				LastUpgradeCheck = 0920;
				ORGANIZATIONNAME = "tonglin.t91@gmail.com";
				TargetAttributes = {
					06ACF863203F611E00FACA7C = {
						CreatedOnToolsVersion = 9.2;
						ProvisioningStyle = Automatic;
					};
					06ACF87A203F611E00FACA7C = {
						CreatedOnToolsVersion = 9.2;
						ProvisioningStyle = Automatic;
						TestTargetID = 06ACF863203F611E00FACA7C;
					};
					06ACF885203F611E00FACA7C = {
						CreatedOnToolsVersion = 9.2;
						ProvisioningStyle = Automatic;
						TestTargetID = 06ACF863203F611E00FACA7C;
					};
				};
			};
			buildConfigurationList = 06ACF85F203F611E00FACA7C /* Build configuration list for PBXProject "biubiubiu" */;
			compatibilityVersion = "Xcode 8.0";
			developmentRegion = en;
			hasScannedForEncodings = 0;
			knownRegions = (
				en,
				Base,
			);
			mainGroup = 06ACF85B203F611E00FACA7C;
			productRefGroup = 06ACF865203F611E00FACA7C /* Products */;
			projectDirPath = "";
			projectRoot = "";
			targets = (
				06ACF863203F611E00FACA7C /* biubiubiu */,
				06ACF87A203F611E00FACA7C /* biubiubiuTests */,
				06ACF885203F611E00FACA7C /* biubiubiuUITests */,
			);
		};
/* End PBXProject section */

/* Begin PBXResourcesBuildPhase section */
		06ACF862203F611E00FACA7C /* Resources */ = {
			isa = PBXResourcesBuildPhase;
			buildActionMask = 2147483647;
			files = (
				06ACF875203F611E00FACA7C /* LaunchScreen.storyboard in Resources */,
				06ACF8B0203F69AF00FACA7C /* LandingViewController.xib in Resources */,
				06ACF872203F611E00FACA7C /* Assets.xcassets in Resources */,
				06ACF86D203F611E00FACA7C /* Main.storyboard in Resources */,
				06ACF8AC203F694700FACA7C /* LoadingViewController.xib in Resources */,
				06ACF899203F630B00FACA7C /* GoogleService-Info.plist in Resources */,
				06ACF8A8203F68F300FACA7C /* OnboardingViewController.xib in Resources */,
			);
			runOnlyForDeploymentPostprocessing = 0;
		};
		06ACF879203F611E00FACA7C /* Resources */ = {
			isa = PBXResourcesBuildPhase;
			buildActionMask = 2147483647;
			files = (
			);
			runOnlyForDeploymentPostprocessing = 0;
		};
		06ACF884203F611E00FACA7C /* Resources */ = {
			isa = PBXResourcesBuildPhase;
			buildActionMask = 2147483647;
			files = (
			);
			runOnlyForDeploymentPostprocessing = 0;
		};
/* End PBXResourcesBuildPhase section */

/* Begin PBXShellScriptBuildPhase section */
		3031F4335290E7F291C30019 /* [CP] Check Pods Manifest.lock */ = {
			isa = PBXShellScriptBuildPhase;
			buildActionMask = 2147483647;
			files = (
			);
			inputPaths = (
				"${PODS_PODFILE_DIR_PATH}/Podfile.lock",
				"${PODS_ROOT}/Manifest.lock",
			);
			name = "[CP] Check Pods Manifest.lock";
			outputPaths = (
				"$(DERIVED_FILE_DIR)/Pods-biubiubiuTests-checkManifestLockResult.txt",
			);
			runOnlyForDeploymentPostprocessing = 0;
			shellPath = /bin/sh;
			shellScript = "diff \"${PODS_PODFILE_DIR_PATH}/Podfile.lock\" \"${PODS_ROOT}/Manifest.lock\" > /dev/null\nif [ $? != 0 ] ; then\n    # print error to STDERR\n    echo \"error: The sandbox is not in sync with the Podfile.lock. Run 'pod install' or update your CocoaPods installation.\" >&2\n    exit 1\nfi\n# This output is used by Xcode 'outputs' to avoid re-running this script phase.\necho \"SUCCESS\" > \"${SCRIPT_OUTPUT_FILE_0}\"\n";
			showEnvVarsInLog = 0;
		};
		65F908467CF911EBB9E3A672 /* [CP] Copy Pods Resources */ = {
			isa = PBXShellScriptBuildPhase;
			buildActionMask = 2147483647;
			files = (
			);
			inputPaths = (
			);
			name = "[CP] Copy Pods Resources";
			outputPaths = (
			);
			runOnlyForDeploymentPostprocessing = 0;
			shellPath = /bin/sh;
			shellScript = "\"${SRCROOT}/Pods/Target Support Files/Pods-biubiubiuUITests/Pods-biubiubiuUITests-resources.sh\"\n";
			showEnvVarsInLog = 0;
		};
		7A79AE173A2D5969A466F062 /* [CP] Copy Pods Resources */ = {
			isa = PBXShellScriptBuildPhase;
			buildActionMask = 2147483647;
			files = (
			);
			inputPaths = (
			);
			name = "[CP] Copy Pods Resources";
			outputPaths = (
			);
			runOnlyForDeploymentPostprocessing = 0;
			shellPath = /bin/sh;
			shellScript = "\"${SRCROOT}/Pods/Target Support Files/Pods-biubiubiu/Pods-biubiubiu-resources.sh\"\n";
			showEnvVarsInLog = 0;
		};
		847ADED71985602E4DA7AC7B /* [CP] Check Pods Manifest.lock */ = {
			isa = PBXShellScriptBuildPhase;
			buildActionMask = 2147483647;
			files = (
			);
			inputPaths = (
				"${PODS_PODFILE_DIR_PATH}/Podfile.lock",
				"${PODS_ROOT}/Manifest.lock",
			);
			name = "[CP] Check Pods Manifest.lock";
			outputPaths = (
				"$(DERIVED_FILE_DIR)/Pods-biubiubiu-checkManifestLockResult.txt",
			);
			runOnlyForDeploymentPostprocessing = 0;
			shellPath = /bin/sh;
			shellScript = "diff \"${PODS_PODFILE_DIR_PATH}/Podfile.lock\" \"${PODS_ROOT}/Manifest.lock\" > /dev/null\nif [ $? != 0 ] ; then\n    # print error to STDERR\n    echo \"error: The sandbox is not in sync with the Podfile.lock. Run 'pod install' or update your CocoaPods installation.\" >&2\n    exit 1\nfi\n# This output is used by Xcode 'outputs' to avoid re-running this script phase.\necho \"SUCCESS\" > \"${SCRIPT_OUTPUT_FILE_0}\"\n";
			showEnvVarsInLog = 0;
		};
		A3FA9751728DB3A661007255 /* [CP] Embed Pods Frameworks */ = {
			isa = PBXShellScriptBuildPhase;
			buildActionMask = 2147483647;
			files = (
			);
			inputPaths = (
				"${SRCROOT}/Pods/Target Support Files/Pods-biubiubiu/Pods-biubiubiu-frameworks.sh",
				"${BUILT_PRODUCTS_DIR}/GoogleToolboxForMac/GoogleToolboxForMac.framework",
				"${BUILT_PRODUCTS_DIR}/nanopb/nanopb.framework",
			);
			name = "[CP] Embed Pods Frameworks";
			outputPaths = (
				"${TARGET_BUILD_DIR}/${FRAMEWORKS_FOLDER_PATH}/GoogleToolboxForMac.framework",
				"${TARGET_BUILD_DIR}/${FRAMEWORKS_FOLDER_PATH}/nanopb.framework",
			);
			runOnlyForDeploymentPostprocessing = 0;
			shellPath = /bin/sh;
			shellScript = "\"${SRCROOT}/Pods/Target Support Files/Pods-biubiubiu/Pods-biubiubiu-frameworks.sh\"\n";
			showEnvVarsInLog = 0;
		};
		E86535141661068CFA529415 /* [CP] Embed Pods Frameworks */ = {
			isa = PBXShellScriptBuildPhase;
			buildActionMask = 2147483647;
			files = (
			);
			inputPaths = (
			);
			name = "[CP] Embed Pods Frameworks";
			outputPaths = (
			);
			runOnlyForDeploymentPostprocessing = 0;
			shellPath = /bin/sh;
			shellScript = "\"${SRCROOT}/Pods/Target Support Files/Pods-biubiubiuTests/Pods-biubiubiuTests-frameworks.sh\"\n";
			showEnvVarsInLog = 0;
		};
		FA1E9D30FD64A517C79EB63C /* [CP] Copy Pods Resources */ = {
			isa = PBXShellScriptBuildPhase;
			buildActionMask = 2147483647;
			files = (
			);
			inputPaths = (
			);
			name = "[CP] Copy Pods Resources";
			outputPaths = (
			);
			runOnlyForDeploymentPostprocessing = 0;
			shellPath = /bin/sh;
			shellScript = "\"${SRCROOT}/Pods/Target Support Files/Pods-biubiubiuTests/Pods-biubiubiuTests-resources.sh\"\n";
			showEnvVarsInLog = 0;
		};
		FB190DFE99B450364B135198 /* [CP] Check Pods Manifest.lock */ = {
			isa = PBXShellScriptBuildPhase;
			buildActionMask = 2147483647;
			files = (
			);
			inputPaths = (
				"${PODS_PODFILE_DIR_PATH}/Podfile.lock",
				"${PODS_ROOT}/Manifest.lock",
			);
			name = "[CP] Check Pods Manifest.lock";
			outputPaths = (
				"$(DERIVED_FILE_DIR)/Pods-biubiubiuUITests-checkManifestLockResult.txt",
			);
			runOnlyForDeploymentPostprocessing = 0;
			shellPath = /bin/sh;
			shellScript = "diff \"${PODS_PODFILE_DIR_PATH}/Podfile.lock\" \"${PODS_ROOT}/Manifest.lock\" > /dev/null\nif [ $? != 0 ] ; then\n    # print error to STDERR\n    echo \"error: The sandbox is not in sync with the Podfile.lock. Run 'pod install' or update your CocoaPods installation.\" >&2\n    exit 1\nfi\n# This output is used by Xcode 'outputs' to avoid re-running this script phase.\necho \"SUCCESS\" > \"${SCRIPT_OUTPUT_FILE_0}\"\n";
			showEnvVarsInLog = 0;
		};
		FB8637B7B7751D6DEFEC42B8 /* [CP] Embed Pods Frameworks */ = {
			isa = PBXShellScriptBuildPhase;
			buildActionMask = 2147483647;
			files = (
			);
			inputPaths = (
			);
			name = "[CP] Embed Pods Frameworks";
			outputPaths = (
			);
			runOnlyForDeploymentPostprocessing = 0;
			shellPath = /bin/sh;
			shellScript = "\"${SRCROOT}/Pods/Target Support Files/Pods-biubiubiuUITests/Pods-biubiubiuUITests-frameworks.sh\"\n";
			showEnvVarsInLog = 0;
		};
/* End PBXShellScriptBuildPhase section */

/* Begin PBXSourcesBuildPhase section */
		06ACF860203F611E00FACA7C /* Sources */ = {
			isa = PBXSourcesBuildPhase;
			buildActionMask = 2147483647;
			files = (
				06ACF86A203F611E00FACA7C /* SuperViewController.swift in Sources */,
				06ACF868203F611E00FACA7C /* AppDelegate.swift in Sources */,
				06ACF8AB203F694700FACA7C /* LoadingViewController.swift in Sources */,
				06ACF8A7203F68F300FACA7C /* OnboardingViewController.swift in Sources */,
				06ACF8AF203F69AF00FACA7C /* LandingViewController.swift in Sources */,
				06ACF870203F611E00FACA7C /* biubiubiu.xcdatamodeld in Sources */,
			);
			runOnlyForDeploymentPostprocessing = 0;
		};
		06ACF877203F611E00FACA7C /* Sources */ = {
			isa = PBXSourcesBuildPhase;
			buildActionMask = 2147483647;
			files = (
				06ACF880203F611E00FACA7C /* biubiubiuTests.swift in Sources */,
			);
			runOnlyForDeploymentPostprocessing = 0;
		};
		06ACF882203F611E00FACA7C /* Sources */ = {
			isa = PBXSourcesBuildPhase;
			buildActionMask = 2147483647;
			files = (
				06ACF88B203F611E00FACA7C /* biubiubiuUITests.swift in Sources */,
			);
			runOnlyForDeploymentPostprocessing = 0;
		};
/* End PBXSourcesBuildPhase section */

/* Begin PBXTargetDependency section */
		06ACF87D203F611E00FACA7C /* PBXTargetDependency */ = {
			isa = PBXTargetDependency;
			target = 06ACF863203F611E00FACA7C /* biubiubiu */;
			targetProxy = 06ACF87C203F611E00FACA7C /* PBXContainerItemProxy */;
		};
		06ACF888203F611E00FACA7C /* PBXTargetDependency */ = {
			isa = PBXTargetDependency;
			target = 06ACF863203F611E00FACA7C /* biubiubiu */;
			targetProxy = 06ACF887203F611E00FACA7C /* PBXContainerItemProxy */;
		};
/* End PBXTargetDependency section */

/* Begin PBXVariantGroup section */
		06ACF86B203F611E00FACA7C /* Main.storyboard */ = {
			isa = PBXVariantGroup;
			children = (
				06ACF86C203F611E00FACA7C /* Base */,
			);
			name = Main.storyboard;
			sourceTree = "<group>";
		};
		06ACF873203F611E00FACA7C /* LaunchScreen.storyboard */ = {
			isa = PBXVariantGroup;
			children = (
				06ACF874203F611E00FACA7C /* Base */,
			);
			name = LaunchScreen.storyboard;
			sourceTree = "<group>";
		};
/* End PBXVariantGroup section */

/* Begin XCBuildConfiguration section */
		06ACF88D203F611E00FACA7C /* Debug */ = {
			isa = XCBuildConfiguration;
			buildSettings = {
				ALWAYS_SEARCH_USER_PATHS = NO;
				CLANG_ANALYZER_NONNULL = YES;
				CLANG_ANALYZER_NUMBER_OBJECT_CONVERSION = YES_AGGRESSIVE;
				CLANG_CXX_LANGUAGE_STANDARD = "gnu++14";
				CLANG_CXX_LIBRARY = "libc++";
				CLANG_ENABLE_MODULES = YES;
				CLANG_ENABLE_OBJC_ARC = YES;
				CLANG_WARN_BLOCK_CAPTURE_AUTORELEASING = YES;
				CLANG_WARN_BOOL_CONVERSION = YES;
				CLANG_WARN_COMMA = YES;
				CLANG_WARN_CONSTANT_CONVERSION = YES;
				CLANG_WARN_DIRECT_OBJC_ISA_USAGE = YES_ERROR;
				CLANG_WARN_DOCUMENTATION_COMMENTS = YES;
				CLANG_WARN_EMPTY_BODY = YES;
				CLANG_WARN_ENUM_CONVERSION = YES;
				CLANG_WARN_INFINITE_RECURSION = YES;
				CLANG_WARN_INT_CONVERSION = YES;
				CLANG_WARN_NON_LITERAL_NULL_CONVERSION = YES;
				CLANG_WARN_OBJC_LITERAL_CONVERSION = YES;
				CLANG_WARN_OBJC_ROOT_CLASS = YES_ERROR;
				CLANG_WARN_RANGE_LOOP_ANALYSIS = YES;
				CLANG_WARN_STRICT_PROTOTYPES = YES;
				CLANG_WARN_SUSPICIOUS_MOVE = YES;
				CLANG_WARN_UNGUARDED_AVAILABILITY = YES_AGGRESSIVE;
				CLANG_WARN_UNREACHABLE_CODE = YES;
				CLANG_WARN__DUPLICATE_METHOD_MATCH = YES;
				CODE_SIGN_IDENTITY = "iPhone Developer";
				COPY_PHASE_STRIP = NO;
				DEBUG_INFORMATION_FORMAT = dwarf;
				ENABLE_STRICT_OBJC_MSGSEND = YES;
				ENABLE_TESTABILITY = YES;
				GCC_C_LANGUAGE_STANDARD = gnu11;
				GCC_DYNAMIC_NO_PIC = NO;
				GCC_NO_COMMON_BLOCKS = YES;
				GCC_OPTIMIZATION_LEVEL = 0;
				GCC_PREPROCESSOR_DEFINITIONS = (
					"DEBUG=1",
					"$(inherited)",
				);
				GCC_WARN_64_TO_32_BIT_CONVERSION = YES;
				GCC_WARN_ABOUT_RETURN_TYPE = YES_ERROR;
				GCC_WARN_UNDECLARED_SELECTOR = YES;
				GCC_WARN_UNINITIALIZED_AUTOS = YES_AGGRESSIVE;
				GCC_WARN_UNUSED_FUNCTION = YES;
				GCC_WARN_UNUSED_VARIABLE = YES;
				IPHONEOS_DEPLOYMENT_TARGET = 11.2;
				MTL_ENABLE_DEBUG_INFO = YES;
				ONLY_ACTIVE_ARCH = YES;
				SDKROOT = iphoneos;
				SWIFT_ACTIVE_COMPILATION_CONDITIONS = DEBUG;
				SWIFT_OPTIMIZATION_LEVEL = "-Onone";
			};
			name = Debug;
		};
		06ACF88E203F611E00FACA7C /* Release */ = {
			isa = XCBuildConfiguration;
			buildSettings = {
				ALWAYS_SEARCH_USER_PATHS = NO;
				CLANG_ANALYZER_NONNULL = YES;
				CLANG_ANALYZER_NUMBER_OBJECT_CONVERSION = YES_AGGRESSIVE;
				CLANG_CXX_LANGUAGE_STANDARD = "gnu++14";
				CLANG_CXX_LIBRARY = "libc++";
				CLANG_ENABLE_MODULES = YES;
				CLANG_ENABLE_OBJC_ARC = YES;
				CLANG_WARN_BLOCK_CAPTURE_AUTORELEASING = YES;
				CLANG_WARN_BOOL_CONVERSION = YES;
				CLANG_WARN_COMMA = YES;
				CLANG_WARN_CONSTANT_CONVERSION = YES;
				CLANG_WARN_DIRECT_OBJC_ISA_USAGE = YES_ERROR;
				CLANG_WARN_DOCUMENTATION_COMMENTS = YES;
				CLANG_WARN_EMPTY_BODY = YES;
				CLANG_WARN_ENUM_CONVERSION = YES;
				CLANG_WARN_INFINITE_RECURSION = YES;
				CLANG_WARN_INT_CONVERSION = YES;
				CLANG_WARN_NON_LITERAL_NULL_CONVERSION = YES;
				CLANG_WARN_OBJC_LITERAL_CONVERSION = YES;
				CLANG_WARN_OBJC_ROOT_CLASS = YES_ERROR;
				CLANG_WARN_RANGE_LOOP_ANALYSIS = YES;
				CLANG_WARN_STRICT_PROTOTYPES = YES;
				CLANG_WARN_SUSPICIOUS_MOVE = YES;
				CLANG_WARN_UNGUARDED_AVAILABILITY = YES_AGGRESSIVE;
				CLANG_WARN_UNREACHABLE_CODE = YES;
				CLANG_WARN__DUPLICATE_METHOD_MATCH = YES;
				CODE_SIGN_IDENTITY = "iPhone Developer";
				COPY_PHASE_STRIP = NO;
				DEBUG_INFORMATION_FORMAT = "dwarf-with-dsym";
				ENABLE_NS_ASSERTIONS = NO;
				ENABLE_STRICT_OBJC_MSGSEND = YES;
				GCC_C_LANGUAGE_STANDARD = gnu11;
				GCC_NO_COMMON_BLOCKS = YES;
				GCC_WARN_64_TO_32_BIT_CONVERSION = YES;
				GCC_WARN_ABOUT_RETURN_TYPE = YES_ERROR;
				GCC_WARN_UNDECLARED_SELECTOR = YES;
				GCC_WARN_UNINITIALIZED_AUTOS = YES_AGGRESSIVE;
				GCC_WARN_UNUSED_FUNCTION = YES;
				GCC_WARN_UNUSED_VARIABLE = YES;
				IPHONEOS_DEPLOYMENT_TARGET = 11.2;
				MTL_ENABLE_DEBUG_INFO = NO;
				SDKROOT = iphoneos;
				SWIFT_OPTIMIZATION_LEVEL = "-Owholemodule";
				VALIDATE_PRODUCT = YES;
			};
			name = Release;
		};
		06ACF890203F611E00FACA7C /* Debug */ = {
			isa = XCBuildConfiguration;
			baseConfigurationReference = E8193CE21D5006596E888794 /* Pods-biubiubiu.debug.xcconfig */;
			buildSettings = {
				ASSETCATALOG_COMPILER_APPICON_NAME = AppIcon;
				CODE_SIGN_STYLE = Automatic;
				DEVELOPMENT_TEAM = 7NBTE6SY4Z;
				INFOPLIST_FILE = biubiubiu/Info.plist;
				IPHONEOS_DEPLOYMENT_TARGET = 10.0;
				LD_RUNPATH_SEARCH_PATHS = "$(inherited) @executable_path/Frameworks";
				PRODUCT_BUNDLE_IDENTIFIER = com.tonglin.t91.biubiubiu;
				PRODUCT_NAME = "$(TARGET_NAME)";
				SWIFT_VERSION = 4.0;
				TARGETED_DEVICE_FAMILY = "1,2";
			};
			name = Debug;
		};
		06ACF891203F611E00FACA7C /* Release */ = {
			isa = XCBuildConfiguration;
			baseConfigurationReference = 0A4B9BAB328FA0D27A65D758 /* Pods-biubiubiu.release.xcconfig */;
			buildSettings = {
				ASSETCATALOG_COMPILER_APPICON_NAME = AppIcon;
				CODE_SIGN_STYLE = Automatic;
				DEVELOPMENT_TEAM = 7NBTE6SY4Z;
				INFOPLIST_FILE = biubiubiu/Info.plist;
				IPHONEOS_DEPLOYMENT_TARGET = 10.0;
				LD_RUNPATH_SEARCH_PATHS = "$(inherited) @executable_path/Frameworks";
				PRODUCT_BUNDLE_IDENTIFIER = com.tonglin.t91.biubiubiu;
				PRODUCT_NAME = "$(TARGET_NAME)";
				SWIFT_VERSION = 4.0;
				TARGETED_DEVICE_FAMILY = "1,2";
			};
			name = Release;
		};
		06ACF893203F611E00FACA7C /* Debug */ = {
			isa = XCBuildConfiguration;
			baseConfigurationReference = BA4DC1AAE7580CAC4A68226B /* Pods-biubiubiuTests.debug.xcconfig */;
			buildSettings = {
				ALWAYS_EMBED_SWIFT_STANDARD_LIBRARIES = YES;
				BUNDLE_LOADER = "$(TEST_HOST)";
				CODE_SIGN_STYLE = Automatic;
				DEVELOPMENT_TEAM = 7NBTE6SY4Z;
				INFOPLIST_FILE = biubiubiuTests/Info.plist;
				LD_RUNPATH_SEARCH_PATHS = "$(inherited) @executable_path/Frameworks @loader_path/Frameworks";
				PRODUCT_BUNDLE_IDENTIFIER = com.tonglin.t91.biubiubiuTests;
				PRODUCT_NAME = "$(TARGET_NAME)";
				SWIFT_VERSION = 4.0;
				TARGETED_DEVICE_FAMILY = "1,2";
				TEST_HOST = "$(BUILT_PRODUCTS_DIR)/biubiubiu.app/biubiubiu";
			};
			name = Debug;
		};
		06ACF894203F611E00FACA7C /* Release */ = {
			isa = XCBuildConfiguration;
			baseConfigurationReference = B3046F8D16B7957224A88A8E /* Pods-biubiubiuTests.release.xcconfig */;
			buildSettings = {
				ALWAYS_EMBED_SWIFT_STANDARD_LIBRARIES = YES;
				BUNDLE_LOADER = "$(TEST_HOST)";
				CODE_SIGN_STYLE = Automatic;
				DEVELOPMENT_TEAM = 7NBTE6SY4Z;
				INFOPLIST_FILE = biubiubiuTests/Info.plist;
				LD_RUNPATH_SEARCH_PATHS = "$(inherited) @executable_path/Frameworks @loader_path/Frameworks";
				PRODUCT_BUNDLE_IDENTIFIER = com.tonglin.t91.biubiubiuTests;
				PRODUCT_NAME = "$(TARGET_NAME)";
				SWIFT_VERSION = 4.0;
				TARGETED_DEVICE_FAMILY = "1,2";
				TEST_HOST = "$(BUILT_PRODUCTS_DIR)/biubiubiu.app/biubiubiu";
			};
			name = Release;
		};
		06ACF896203F611E00FACA7C /* Debug */ = {
			isa = XCBuildConfiguration;
			baseConfigurationReference = 78E7ABD82F3C76660B107D57 /* Pods-biubiubiuUITests.debug.xcconfig */;
			buildSettings = {
				ALWAYS_EMBED_SWIFT_STANDARD_LIBRARIES = YES;
				CODE_SIGN_STYLE = Automatic;
				DEVELOPMENT_TEAM = 7NBTE6SY4Z;
				INFOPLIST_FILE = biubiubiuUITests/Info.plist;
				LD_RUNPATH_SEARCH_PATHS = "$(inherited) @executable_path/Frameworks @loader_path/Frameworks";
				PRODUCT_BUNDLE_IDENTIFIER = com.tonglin.t91.biubiubiuUITests;
				PRODUCT_NAME = "$(TARGET_NAME)";
				SWIFT_VERSION = 4.0;
				TARGETED_DEVICE_FAMILY = "1,2";
				TEST_TARGET_NAME = biubiubiu;
			};
			name = Debug;
		};
		06ACF897203F611E00FACA7C /* Release */ = {
			isa = XCBuildConfiguration;
			baseConfigurationReference = 58F2C55483E1886A8E7E45E1 /* Pods-biubiubiuUITests.release.xcconfig */;
			buildSettings = {
				ALWAYS_EMBED_SWIFT_STANDARD_LIBRARIES = YES;
				CODE_SIGN_STYLE = Automatic;
				DEVELOPMENT_TEAM = 7NBTE6SY4Z;
				INFOPLIST_FILE = biubiubiuUITests/Info.plist;
				LD_RUNPATH_SEARCH_PATHS = "$(inherited) @executable_path/Frameworks @loader_path/Frameworks";
				PRODUCT_BUNDLE_IDENTIFIER = com.tonglin.t91.biubiubiuUITests;
				PRODUCT_NAME = "$(TARGET_NAME)";
				SWIFT_VERSION = 4.0;
				TARGETED_DEVICE_FAMILY = "1,2";
				TEST_TARGET_NAME = biubiubiu;
			};
			name = Release;
		};
/* End XCBuildConfiguration section */

/* Begin XCConfigurationList section */
		06ACF85F203F611E00FACA7C /* Build configuration list for PBXProject "biubiubiu" */ = {
			isa = XCConfigurationList;
			buildConfigurations = (
				06ACF88D203F611E00FACA7C /* Debug */,
				06ACF88E203F611E00FACA7C /* Release */,
			);
			defaultConfigurationIsVisible = 0;
			defaultConfigurationName = Release;
		};
		06ACF88F203F611E00FACA7C /* Build configuration list for PBXNativeTarget "biubiubiu" */ = {
			isa = XCConfigurationList;
			buildConfigurations = (
				06ACF890203F611E00FACA7C /* Debug */,
				06ACF891203F611E00FACA7C /* Release */,
			);
			defaultConfigurationIsVisible = 0;
			defaultConfigurationName = Release;
		};
		06ACF892203F611E00FACA7C /* Build configuration list for PBXNativeTarget "biubiubiuTests" */ = {
			isa = XCConfigurationList;
			buildConfigurations = (
				06ACF893203F611E00FACA7C /* Debug */,
				06ACF894203F611E00FACA7C /* Release */,
			);
			defaultConfigurationIsVisible = 0;
			defaultConfigurationName = Release;
		};
		06ACF895203F611E00FACA7C /* Build configuration list for PBXNativeTarget "biubiubiuUITests" */ = {
			isa = XCConfigurationList;
			buildConfigurations = (
				06ACF896203F611E00FACA7C /* Debug */,
				06ACF897203F611E00FACA7C /* Release */,
			);
			defaultConfigurationIsVisible = 0;
			defaultConfigurationName = Release;
		};
/* End XCConfigurationList section */

/* Begin XCVersionGroup section */
		06ACF86E203F611E00FACA7C /* biubiubiu.xcdatamodeld */ = {
			isa = XCVersionGroup;
			children = (
				06ACF86F203F611E00FACA7C /* biubiubiu.xcdatamodel */,
			);
			currentVersion = 06ACF86F203F611E00FACA7C /* biubiubiu.xcdatamodel */;
			path = biubiubiu.xcdatamodeld;
			sourceTree = "<group>";
			versionGroupType = wrapper.xcdatamodel;
		};
/* End XCVersionGroup section */
	};
	rootObject = 06ACF85C203F611E00FACA7C /* Project object */;
}
